{
  "name": "client",
  "version": "0.0.1",
  "lockfileVersion": 1,
  "requires": true,
  "dependencies": {
    "@sindresorhus/is": {
      "version": "0.11.0",
      "resolved": "https://registry.npmjs.org/@sindresorhus/is/-/is-0.11.0.tgz",
      "integrity": "sha512-i5Zh5+3QARyXtzq3Bd2Lg3aBRFLcgYbNoap3Hyu1uRN8X+D+0JMqqc4uk4XjhNxfVdCnL8WHUA2wxa33QCC50w==",
      "requires": {
        "symbol-observable": "^1.2.0"
      }
    },
    "ansi-color": {
      "version": "0.2.1",
      "resolved": "https://registry.npmjs.org/ansi-color/-/ansi-color-0.2.1.tgz",
      "integrity": "sha1-PnXAN0dSF1RO12Oo21cJ+prlv5o="
    },
    "bufrw": {
      "version": "1.2.1",
      "resolved": "https://registry.npmjs.org/bufrw/-/bufrw-1.2.1.tgz",
      "integrity": "sha1-k/IiIptPX14s1VkjaJFAf5hTZjs=",
      "requires": {
        "ansi-color": "^0.2.1",
        "error": "^7.0.0",
        "xtend": "^4.0.0"
      }
    },
    "cacheable-request": {
      "version": "4.0.1",
      "resolved": "https://registry.npmjs.org/cacheable-request/-/cacheable-request-4.0.1.tgz",
      "integrity": "sha512-sJJ9ivV+1DytIdAgQG1CsRjAESGD5WnjTr4BsQ3X4xZKp3O9i6Es7MWeQ1pOTuE0bTLVEf86YFjSGpr53wz7nw==",
      "requires": {
        "clone-response": "^1.0.2",
        "get-stream": "^3.0.0",
        "http-cache-semantics": "^4.0.0",
        "keyv": "^3.0.0",
        "lowercase-keys": "^1.0.1",
        "normalize-url": "^3.1.0",
        "responselike": "^1.0.2"
      }
    },
    "clone-response": {
      "version": "1.0.2",
      "resolved": "https://registry.npmjs.org/clone-response/-/clone-response-1.0.2.tgz",
      "integrity": "sha1-0dyXOSAxTfZ/vrlCI7TuNQI56Ws=",
      "requires": {
        "mimic-response": "^1.0.0"
      }
    },
    "decompress-response": {
      "version": "3.3.0",
      "resolved": "https://registry.npmjs.org/decompress-response/-/decompress-response-3.3.0.tgz",
      "integrity": "sha1-gKTdMjdIOEv6JICDYirt7Jgq3/M=",
      "requires": {
        "mimic-response": "^1.0.0"
      }
    },
    "duplexer3": {
      "version": "0.1.4",
      "resolved": "https://registry.npmjs.org/duplexer3/-/duplexer3-0.1.4.tgz",
      "integrity": "sha1-7gHdHKwO08vH/b6jfcCo8c4ALOI="
    },
    "error": {
      "version": "7.0.2",
      "resolved": "https://registry.npmjs.org/error/-/error-7.0.2.tgz",
      "integrity": "sha1-pfdf/02ZJhJt2sDqXcOOaJFTywI=",
      "requires": {
        "string-template": "~0.2.1",
        "xtend": "~4.0.0"
      }
    },
    "get-stream": {
      "version": "3.0.0",
      "resolved": "https://registry.npmjs.org/get-stream/-/get-stream-3.0.0.tgz",
      "integrity": "sha1-jpQ9E1jcN1VQVOy+LtsFqhdO3hQ="
    },
    "got": {
      "version": "9.0.0",
      "resolved": "https://registry.npmjs.org/got/-/got-9.0.0.tgz",
      "integrity": "sha512-TumaTIc9kYMFTkLwtvELc1IQYpQDqKqVuLx07I+kQmWHF6LELztdtHoy7w6UYkLfSkNnvzMRkasC/75aJMNiHw==",
      "requires": {
        "@sindresorhus/is": "^0.11.0",
        "cacheable-request": "^4.0.1",
        "decompress-response": "^3.3.0",
        "duplexer3": "^0.1.4",
        "get-stream": "^3.0.0",
        "mimic-response": "^1.0.0",
        "p-cancelable": "^0.5.0",
        "to-readable-stream": "^1.0.0",
        "url-parse-lax": "^3.0.0"
      }
    },
    "http-cache-semantics": {
      "version": "4.0.0",
      "resolved": "https://registry.npmjs.org/http-cache-semantics/-/http-cache-semantics-4.0.0.tgz",
      "integrity": "sha512-NtexGRtaV5z3ZUX78W9UDTOJPBdpqms6RmwQXmOhHws7CuQK3cqIoQtnmeqi1VvVD6u6eMMRL0sKE9BCZXTDWQ=="
    },
    "jaeger-client": {
      "version": "3.12.0",
      "resolved": "https://registry.npmjs.org/jaeger-client/-/jaeger-client-3.12.0.tgz",
      "integrity": "sha512-TRwzui1D0OdNREHKWGw0Iuz2EkyTmlPVnzpIEXgPeiEbr/8j164Xvpfc1eCpbfGjNStcWj7Ipcvba/JBSy+q8w==",
      "requires": {
        "node-int64": "^0.4.0",
        "opentracing": "^0.13.0",
        "thriftrw": "^3.5.0",
        "uuid": "^3.2.1",
        "xorshift": "^0.2.0"
      },
      "dependencies": {
        "opentracing": {
          "version": "0.13.0",
          "resolved": "https://registry.npmjs.org/opentracing/-/opentracing-0.13.0.tgz",
          "integrity": "sha1-ajQUQvCdfYZrwR7QPeHjgo49aqs="
        }
      }
    },
    "json-buffer": {
      "version": "3.0.0",
      "resolved": "https://registry.npmjs.org/json-buffer/-/json-buffer-3.0.0.tgz",
      "integrity": "sha1-Wx85evx11ne96Lz8Dkfh+aPZqJg="
    },
    "keyv": {
      "version": "3.0.0",
      "resolved": "https://registry.npmjs.org/keyv/-/keyv-3.0.0.tgz",
      "integrity": "sha512-eguHnq22OE3uVoSYG0LVWNP+4ppamWr9+zWBe1bsNcovIMy6huUJFPgy4mGwCd/rnl3vOLGW1MTlu4c57CT1xA==",
      "requires": {
        "json-buffer": "3.0.0"
      }
    },
    "long": {
      "version": "2.4.0",
      "resolved": "https://registry.npmjs.org/long/-/long-2.4.0.tgz",
      "integrity": "sha1-n6GAux2VAM3CnEFWdmoZleH0Uk8="
    },
    "lowercase-keys": {
      "version": "1.0.1",
      "resolved": "https://registry.npmjs.org/lowercase-keys/-/lowercase-keys-1.0.1.tgz",
      "integrity": "sha512-G2Lj61tXDnVFFOi8VZds+SoQjtQC3dgokKdDG2mTm1tx4m50NUHBOZSBwQQHyy0V12A0JTG4icfZQH+xPyh8VA=="
    },
    "mimic-response": {
      "version": "1.0.1",
      "resolved": "https://registry.npmjs.org/mimic-response/-/mimic-response-1.0.1.tgz",
      "integrity": "sha512-j5EctnkH7amfV/q5Hgmoal1g2QHFJRraOtmx0JpIqkxhBhI/lJSl1nMpQ45hVarwNETOoWEimndZ4QK0RHxuxQ=="
    },
    "node-int64": {
      "version": "0.4.0",
      "resolved": "https://registry.npmjs.org/node-int64/-/node-int64-0.4.0.tgz",
      "integrity": "sha1-h6kGXNs1XTGC2PlM4RGIuCXGijs="
    },
    "normalize-url": {
      "version": "3.2.0",
      "resolved": "https://registry.npmjs.org/normalize-url/-/normalize-url-3.2.0.tgz",
      "integrity": "sha512-WvF3Myk0NhXkG8S9bygFM4IC1KOvnVJGq0QoGeoqOYOBeinBZp5ybW3QuYbTc89lkWBMM9ZBO4QGRoc0353kKA=="
    },
    "opentracing": {
      "version": "0.14.3",
      "resolved": "https://registry.npmjs.org/opentracing/-/opentracing-0.14.3.tgz",
      "integrity": "sha1-I+OtAp+mamU5Jq2+V+g0Rp+FUKo="
    },
    "p-cancelable": {
      "version": "0.5.0",
      "resolved": "https://registry.npmjs.org/p-cancelable/-/p-cancelable-0.5.0.tgz",
      "integrity": "sha512-UTykUaG4vhPAMNi1/GZKGdCNDj4qGnq6taAjnOG0KCx5Fva3b1vtskXtagAePmgIhUrdcoDGEvAQIHaSPXEZWg=="
    },
    "prepend-http": {
      "version": "2.0.0",
      "resolved": "https://registry.npmjs.org/prepend-http/-/prepend-http-2.0.0.tgz",
      "integrity": "sha1-6SQ0v6XqjBn0HN/UAddBo8gZ2Jc="
    },
    "responselike": {
      "version": "1.0.2",
      "resolved": "https://registry.npmjs.org/responselike/-/responselike-1.0.2.tgz",
      "integrity": "sha1-kYcg7ztjHFZCvgaPFa3lpG9Loec=",
      "requires": {
        "lowercase-keys": "^1.0.0"
      }
    },
    "string-template": {
      "version": "0.2.1",
      "resolved": "https://registry.npmjs.org/string-template/-/string-template-0.2.1.tgz",
      "integrity": "sha1-QpMuWYo1LQH8IuwzZ9nYTuxsmt0="
    },
    "symbol-observable": {
      "version": "1.2.0",
      "resolved": "https://registry.npmjs.org/symbol-observable/-/symbol-observable-1.2.0.tgz",
      "integrity": "sha512-e900nM8RRtGhlV36KGEU9k65K3mPb1WV70OdjfxlG2EAuM1noi/E/BaW/uMhL7bPEssK8QV57vN3esixjUvcXQ=="
    },
    "thriftrw": {
      "version": "3.11.2",
      "resolved": "https://registry.npmjs.org/thriftrw/-/thriftrw-3.11.2.tgz",
      "integrity": "sha512-3iCowlHgCEXjabCkurHTaECb2+U0V+NzqBmwfKHn8fzJJwXd/oDo7Wh6Vs0kaESN7YNJMRPC8ObL3AfQ1gxKmQ==",
      "requires": {
        "bufrw": "^1.2.1",
        "error": "7.0.2",
        "long": "^2.4.0"
      }
    },
    "to-readable-stream": {
      "version": "1.0.0",
      "resolved": "https://registry.npmjs.org/to-readable-stream/-/to-readable-stream-1.0.0.tgz",
      "integrity": "sha512-Iq25XBt6zD5npPhlLVXGFN3/gyR2/qODcKNNyTMd4vbm39HUaOiAM4PMq0eMVC/Tkxz+Zjdsc55g9yyz+Yq00Q=="
    },
    "url-parse-lax": {
      "version": "3.0.0",
      "resolved": "https://registry.npmjs.org/url-parse-lax/-/url-parse-lax-3.0.0.tgz",
      "integrity": "sha1-FrXK/Afb42dsGxmZF3gj1lA6yww=",
      "requires": {
        "prepend-http": "^2.0.0"
      }
    },
    "uuid": {
      "version": "3.3.2",
      "resolved": "https://registry.npmjs.org/uuid/-/uuid-3.3.2.tgz",
      "integrity": "sha512-yXJmeNaw3DnnKAOKJE51sL/ZaYfWJRl1pK9dr19YFCu0ObS231AB1/LbqTKRAQ5kw8A90rA6fr4riOUpTZvQZA=="
    },
    "xorshift": {
      "version": "0.2.1",
      "resolved": "https://registry.npmjs.org/xorshift/-/xorshift-0.2.1.tgz",
      "integrity": "sha1-/NgiZ+k1HBPw+5xzMH8lMx0pxjo="
    },
    "xtend": {
      "version": "4.0.1",
      "resolved": "https://registry.npmjs.org/xtend/-/xtend-4.0.1.tgz",
      "integrity": "sha1-pcbVMr5lbiPbgg77lDofBJmNY68="
    }
  }
}
